
Microsoft Visual Studio Solution File, Format Version 12.00
# Visual Studio Version 17
VisualStudioVersion = 17.12.35521.163 d17.12
MinimumVisualStudioVersion = 10.0.40219.1
Project("{FAE04EC0-301F-11D3-BF4B-00C04F79EFBC}") = "VAT_AT_Calc.API", "VAT_AT_Calc.API\VAT_AT_Calc.API.csproj", "{26A7E9B2-4A7E-44BE-9D62-7AC4909F26FE}"
EndProject
Global
	GlobalSection(SolutionConfigurationPlatforms) = preSolution
		Debug|Any CPU = Debug|Any CPU
		Release|Any CPU = Release|Any CPU
	EndGlobalSection
	GlobalSection(ProjectConfigurationPlatforms) = postSolution
		{26A7E9B2-4A7E-44BE-9D62-7AC4909F26FE}.Debug|Any CPU.ActiveCfg = Debug|Any CPU
		{26A7E9B2-4A7E-44BE-9D62-7AC4909F26FE}.Debug|Any CPU.Build.0 = Debug|Any CPU
		{26A7E9B2-4A7E-44BE-9D62-7AC4909F26FE}.Release|Any CPU.ActiveCfg = Release|Any CPU
		{26A7E9B2-4A7E-44BE-9D62-7AC4909F26FE}.Release|Any CPU.Build.0 = Release|Any CPU
	EndGlobalSection
	GlobalSection(SolutionProperties) = preSolution
		HideSolutionNode = FALSE
	EndGlobalSection
EndGlobal
